// !$*UTF8*$!
{
	archiveVersion = 1;
	classes = {
	};
	objectVersion = 50;
	objects = {

/* Begin PBXBuildFile section */
		9B153BEC269BEB3400DF0309 /* AppDelegate.swift in Sources */ = {isa = PBXBuildFile; fileRef = 9B153BEB269BEB3400DF0309 /* AppDelegate.swift */; };
		9B153BEE269BEB3400DF0309 /* SceneDelegate.swift in Sources */ = {isa = PBXBuildFile; fileRef = 9B153BED269BEB3400DF0309 /* SceneDelegate.swift */; };
		9B153BF0269BEB3400DF0309 /* ViewController.swift in Sources */ = {isa = PBXBuildFile; fileRef = 9B153BEF269BEB3400DF0309 /* ViewController.swift */; };
		9B153BF3269BEB3400DF0309 /* Main.storyboard in Resources */ = {isa = PBXBuildFile; fileRef = 9B153BF1269BEB3400DF0309 /* Main.storyboard */; };
		9B153BF5269BEB3600DF0309 /* Assets.xcassets in Resources */ = {isa = PBXBuildFile; fileRef = 9B153BF4269BEB3600DF0309 /* Assets.xcassets */; };
		9B153BF8269BEB3600DF0309 /* LaunchScreen.storyboard in Resources */ = {isa = PBXBuildFile; fileRef = 9B153BF6269BEB3600DF0309 /* LaunchScreen.storyboard */; };
		9B153C03269BEB3700DF0309 /* App_ToDoListTests.swift in Sources */ = {isa = PBXBuildFile; fileRef = 9B153C02269BEB3700DF0309 /* App_ToDoListTests.swift */; };
		9B153C0E269BEB3700DF0309 /* App_ToDoListUITests.swift in Sources */ = {isa = PBXBuildFile; fileRef = 9B153C0D269BEB3700DF0309 /* App_ToDoListUITests.swift */; };
/* End PBXBuildFile section */

/* Begin PBXContainerItemProxy section */
		9B153BFF269BEB3700DF0309 /* PBXContainerItemProxy */ = {
			isa = PBXContainerItemProxy;
			containerPortal = 9B153BE0269BEB3400DF0309 /* Project object */;
			proxyType = 1;
			remoteGlobalIDString = 9B153BE7269BEB3400DF0309;
			remoteInfo = "App ToDoList";
		};
		9B153C0A269BEB3700DF0309 /* PBXContainerItemProxy */ = {
			isa = PBXContainerItemProxy;
			containerPortal = 9B153BE0269BEB3400DF0309 /* Project object */;
			proxyType = 1;
			remoteGlobalIDString = 9B153BE7269BEB3400DF0309;
			remoteInfo = "App ToDoList";
		};
/* End PBXContainerItemProxy section */

/* Begin PBXFileReference section */
		9B153BE8269BEB3400DF0309 /* App ToDoList.app */ = {isa = PBXFileReference; explicitFileType = wrapper.application; includeInIndex = 0; path = "App ToDoList.app"; sourceTree = BUILT_PRODUCTS_DIR; };
		9B153BEB269BEB3400DF0309 /* AppDelegate.swift */ = {isa = PBXFileReference; lastKnownFileType = sourcecode.swift; path = AppDelegate.swift; sourceTree = "<group>"; };
		9B153BED269BEB3400DF0309 /* SceneDelegate.swift */ = {isa = PBXFileReference; lastKnownFileType = sourcecode.swift; path = SceneDelegate.swift; sourceTree = "<group>"; };
		9B153BEF269BEB3400DF0309 /* ViewController.swift */ = {isa = PBXFileReference; lastKnownFileType = sourcecode.swift; path = ViewController.swift; sourceTree = "<group>"; };
		9B153BF2269BEB3400DF0309 /* Base */ = {isa = PBXFileReference; lastKnownFileType = file.storyboard; name = Base; path = Base.lproj/Main.storyboard; sourceTree = "<group>"; };
		9B153BF4269BEB3600DF0309 /* Assets.xcassets */ = {isa = PBXFileReference; lastKnownFileType = folder.assetcatalog; path = Assets.xcassets; sourceTree = "<group>"; };
		9B153BF7269BEB3600DF0309 /* Base */ = {isa = PBXFileReference; lastKnownFileType = file.storyboard; name = Base; path = Base.lproj/LaunchScreen.storyboard; sourceTree = "<group>"; };
		9B153BF9269BEB3600DF0309 /* Info.plist */ = {isa = PBXFileReference; lastKnownFileType = text.plist.xml; path = Info.plist; sourceTree = "<group>"; };
		9B153BFE269BEB3700DF0309 /* App ToDoListTests.xctest */ = {isa = PBXFileReference; explicitFileType = wrapper.cfbundle; includeInIndex = 0; path = "App ToDoListTests.xctest"; sourceTree = BUILT_PRODUCTS_DIR; };
		9B153C02269BEB3700DF0309 /* App_ToDoListTests.swift */ = {isa = PBXFileReference; lastKnownFileType = sourcecode.swift; path = App_ToDoListTests.swift; sourceTree = "<group>"; };
		9B153C04269BEB3700DF0309 /* Info.plist */ = {isa = PBXFileReference; lastKnownFileType = text.plist.xml; path = Info.plist; sourceTree = "<group>"; };
		9B153C09269BEB3700DF0309 /* App ToDoListUITests.xctest */ = {isa = PBXFileReference; explicitFileType = wrapper.cfbundle; includeInIndex = 0; path = "App ToDoListUITests.xctest"; sourceTree = BUILT_PRODUCTS_DIR; };
		9B153C0D269BEB3700DF0309 /* App_ToDoListUITests.swift */ = {isa = PBXFileReference; lastKnownFileType = sourcecode.swift; path = App_ToDoListUITests.swift; sourceTree = "<group>"; };
		9B153C0F269BEB3700DF0309 /* Info.plist */ = {isa = PBXFileReference; lastKnownFileType = text.plist.xml; path = Info.plist; sourceTree = "<group>"; };
/* End PBXFileReference section */

/* Begin PBXFrameworksBuildPhase section */
		9B153BE5269BEB3400DF0309 /* Frameworks */ = {
			isa = PBXFrameworksBuildPhase;
			buildActionMask = 2147483647;
			files = (
			);
			runOnlyForDeploymentPostprocessing = 0;
		};
		9B153BFB269BEB3700DF0309 /* Frameworks */ = {
			isa = PBXFrameworksBuildPhase;
			buildActionMask = 2147483647;
			files = (
			);
			runOnlyForDeploymentPostprocessing = 0;
		};
		9B153C06269BEB3700DF0309 /* Frameworks */ = {
			isa = PBXFrameworksBuildPhase;
			buildActionMask = 2147483647;
			files = (
			);
			runOnlyForDeploymentPostprocessing = 0;
		};
/* End PBXFrameworksBuildPhase section */

/* Begin PBXGroup section */
		9B153BDF269BEB3400DF0309 = {
			isa = PBXGroup;
			children = (
				9B153BEA269BEB3400DF0309 /* App ToDoList */,
				9B153C01269BEB3700DF0309 /* App ToDoListTests */,
				9B153C0C269BEB3700DF0309 /* App ToDoListUITests */,
				9B153BE9269BEB3400DF0309 /* Products */,
			);
			sourceTree = "<group>";
		};
		9B153BE9269BEB3400DF0309 /* Products */ = {
			isa = PBXGroup;
			children = (
				9B153BE8269BEB3400DF0309 /* App ToDoList.app */,
				9B153BFE269BEB3700DF0309 /* App ToDoListTests.xctest */,
				9B153C09269BEB3700DF0309 /* App ToDoListUITests.xctest */,
			);
			name = Products;
			sourceTree = "<group>";
		};
		9B153BEA269BEB3400DF0309 /* App ToDoList */ = {
			isa = PBXGroup;
			children = (
				9B153BEB269BEB3400DF0309 /* AppDelegate.swift */,
				9B153BED269BEB3400DF0309 /* SceneDelegate.swift */,
				9B153BEF269BEB3400DF0309 /* ViewController.swift */,
				9B153BF1269BEB3400DF0309 /* Main.storyboard */,
				9B153BF4269BEB3600DF0309 /* Assets.xcassets */,
				9B153BF6269BEB3600DF0309 /* LaunchScreen.storyboard */,
				9B153BF9269BEB3600DF0309 /* Info.plist */,
			);
			path = "App ToDoList";
			sourceTree = "<group>";
		};
		9B153C01269BEB3700DF0309 /* App ToDoListTests */ = {
			isa = PBXGroup;
			children = (
				9B153C02269BEB3700DF0309 /* App_ToDoListTests.swift */,
				9B153C04269BEB3700DF0309 /* Info.plist */,
			);
			path = "App ToDoListTests";
			sourceTree = "<group>";
		};
		9B153C0C269BEB3700DF0309 /* App ToDoListUITests */ = {
			isa = PBXGroup;
			children = (
				9B153C0D269BEB3700DF0309 /* App_ToDoListUITests.swift */,
				9B153C0F269BEB3700DF0309 /* Info.plist */,
			);
			path = "App ToDoListUITests";
			sourceTree = "<group>";
		};
/* End PBXGroup section */

/* Begin PBXNativeTarget section */
		9B153BE7269BEB3400DF0309 /* App ToDoList */ = {
			isa = PBXNativeTarget;
			buildConfigurationList = 9B153C12269BEB3700DF0309 /* Build configuration list for PBXNativeTarget "App ToDoList" */;
			buildPhases = (
				9B153BE4269BEB3400DF0309 /* Sources */,
				9B153BE5269BEB3400DF0309 /* Frameworks */,
				9B153BE6269BEB3400DF0309 /* Resources */,
			);
			buildRules = (
			);
			dependencies = (
			);
			name = "App ToDoList";
			productName = "App ToDoList";
			productReference = 9B153BE8269BEB3400DF0309 /* App ToDoList.app */;
			productType = "com.apple.product-type.application";
		};
		9B153BFD269BEB3700DF0309 /* App ToDoListTests */ = {
			isa = PBXNativeTarget;
			buildConfigurationList = 9B153C15269BEB3700DF0309 /* Build configuration list for PBXNativeTarget "App ToDoListTests" */;
			buildPhases = (
				9B153BFA269BEB3700DF0309 /* Sources */,
				9B153BFB269BEB3700DF0309 /* Frameworks */,
				9B153BFC269BEB3700DF0309 /* Resources */,
			);
			buildRules = (
			);
			dependencies = (
				9B153C00269BEB3700DF0309 /* PBXTargetDependency */,
			);
			name = "App ToDoListTests";
			productName = "App ToDoListTests";
			productReference = 9B153BFE269BEB3700DF0309 /* App ToDoListTests.xctest */;
			productType = "com.apple.product-type.bundle.unit-test";
		};
		9B153C08269BEB3700DF0309 /* App ToDoListUITests */ = {
			isa = PBXNativeTarget;
			buildConfigurationList = 9B153C18269BEB3700DF0309 /* Build configuration list for PBXNativeTarget "App ToDoListUITests" */;
			buildPhases = (
				9B153C05269BEB3700DF0309 /* Sources */,
				9B153C06269BEB3700DF0309 /* Frameworks */,
				9B153C07269BEB3700DF0309 /* Resources */,
			);
			buildRules = (
			);
			dependencies = (
				9B153C0B269BEB3700DF0309 /* PBXTargetDependency */,
			);
			name = "App ToDoListUITests";
			productName = "App ToDoListUITests";
			productReference = 9B153C09269BEB3700DF0309 /* App ToDoListUITests.xctest */;
			productType = "com.apple.product-type.bundle.ui-testing";
		};
/* End PBXNativeTarget section */

/* Begin PBXProject section */
		9B153BE0269BEB3400DF0309 /* Project object */ = {
			isa = PBXProject;
			attributes = {
				LastSwiftUpdateCheck = 1250;
				LastUpgradeCheck = 1250;
				TargetAttributes = {
					9B153BE7269BEB3400DF0309 = {
						CreatedOnToolsVersion = 12.5.1;
					};
					9B153BFD269BEB3700DF0309 = {
						CreatedOnToolsVersion = 12.5.1;
						TestTargetID = 9B153BE7269BEB3400DF0309;
					};
					9B153C08269BEB3700DF0309 = {
						CreatedOnToolsVersion = 12.5.1;
						TestTargetID = 9B153BE7269BEB3400DF0309;
					};
				};
			};
			buildConfigurationList = 9B153BE3269BEB3400DF0309 /* Build configuration list for PBXProject "App ToDoList" */;
			compatibilityVersion = "Xcode 9.3";
			developmentRegion = en;
			hasScannedForEncodings = 0;
			knownRegions = (
				en,
				Base,
			);
			mainGroup = 9B153BDF269BEB3400DF0309;
			productRefGroup = 9B153BE9269BEB3400DF0309 /* Products */;
			projectDirPath = "";
			projectRoot = "";
			targets = (
				9B153BE7269BEB3400DF0309 /* App ToDoList */,
				9B153BFD269BEB3700DF0309 /* App ToDoListTests */,
				9B153C08269BEB3700DF0309 /* App ToDoListUITests */,
			);
		};
/* End PBXProject section */

/* Begin PBXResourcesBuildPhase section */
		9B153BE6269BEB3400DF0309 /* Resources */ = {
			isa = PBXResourcesBuildPhase;
			buildActionMask = 2147483647;
			files = (
				9B153BF8269BEB3600DF0309 /* LaunchScreen.storyboard in Resources */,
				9B153BF5269BEB3600DF0309 /* Assets.xcassets in Resources */,
				9B153BF3269BEB3400DF0309 /* Main.storyboard in Resources */,
			);
			runOnlyForDeploymentPostprocessing = 0;
		};
		9B153BFC269BEB3700DF0309 /* Resources */ = {
			isa = PBXResourcesBuildPhase;
			buildActionMask = 2147483647;
			files = (
			);
			runOnlyForDeploymentPostprocessing = 0;
		};
		9B153C07269BEB3700DF0309 /* Resources */ = {
			isa = PBXResourcesBuildPhase;
			buildActionMask = 2147483647;
			files = (
			);
			runOnlyForDeploymentPostprocessing = 0;
		};
/* End PBXResourcesBuildPhase section */

/* Begin PBXSourcesBuildPhase section */
		9B153BE4269BEB3400DF0309 /* Sources */ = {
			isa = PBXSourcesBuildPhase;
			buildActionMask = 2147483647;
			files = (
				9B153BF0269BEB3400DF0309 /* ViewController.swift in Sources */,
				9B153BEC269BEB3400DF0309 /* AppDelegate.swift in Sources */,
				9B153BEE269BEB3400DF0309 /* SceneDelegate.swift in Sources */,
			);
			runOnlyForDeploymentPostprocessing = 0;
		};
		9B153BFA269BEB3700DF0309 /* Sources */ = {
			isa = PBXSourcesBuildPhase;
			buildActionMask = 2147483647;
			files = (
				9B153C03269BEB3700DF0309 /* App_ToDoListTests.swift in Sources */,
			);
			runOnlyForDeploymentPostprocessing = 0;
		};
		9B153C05269BEB3700DF0309 /* Sources */ = {
			isa = PBXSourcesBuildPhase;
			buildActionMask = 2147483647;
			files = (
				9B153C0E269BEB3700DF0309 /* App_ToDoListUITests.swift in Sources */,
			);
			runOnlyForDeploymentPostprocessing = 0;
		};
/* End PBXSourcesBuildPhase section */

/* Begin PBXTargetDependency section */
		9B153C00269BEB3700DF0309 /* PBXTargetDependency */ = {
			isa = PBXTargetDependency;
			target = 9B153BE7269BEB3400DF0309 /* App ToDoList */;
			targetProxy = 9B153BFF269BEB3700DF0309 /* PBXContainerItemProxy */;
		};
		9B153C0B269BEB3700DF0309 /* PBXTargetDependency */ = {
			isa = PBXTargetDependency;
			target = 9B153BE7269BEB3400DF0309 /* App ToDoList */;
			targetProxy = 9B153C0A269BEB3700DF0309 /* PBXContainerItemProxy */;
		};
/* End PBXTargetDependency section */

/* Begin PBXVariantGroup section */
		9B153BF1269BEB3400DF0309 /* Main.storyboard */ = {
			isa = PBXVariantGroup;
			children = (
				9B153BF2269BEB3400DF0309 /* Base */,
			);
			name = Main.storyboard;
			sourceTree = "<group>";
		};
		9B153BF6269BEB3600DF0309 /* LaunchScreen.storyboard */ = {
			isa = PBXVariantGroup;
			children = (
				9B153BF7269BEB3600DF0309 /* Base */,
			);
			name = LaunchScreen.storyboard;
			sourceTree = "<group>";
		};
/* End PBXVariantGroup section */

/* Begin XCBuildConfiguration section */
		9B153C10269BEB3700DF0309 /* Debug */ = {
			isa = XCBuildConfiguration;
			buildSettings = {
				ALWAYS_SEARCH_USER_PATHS = NO;
				CLANG_ANALYZER_NONNULL = YES;
				CLANG_ANALYZER_NUMBER_OBJECT_CONVERSION = YES_AGGRESSIVE;
				CLANG_CXX_LANGUAGE_STANDARD = "gnu++14";
				CLANG_CXX_LIBRARY = "libc++";
				CLANG_ENABLE_MODULES = YES;
				CLANG_ENABLE_OBJC_ARC = YES;
				CLANG_ENABLE_OBJC_WEAK = YES;
				CLANG_WARN_BLOCK_CAPTURE_AUTORELEASING = YES;
				CLANG_WARN_BOOL_CONVERSION = YES;
				CLANG_WARN_COMMA = YES;
				CLANG_WARN_CONSTANT_CONVERSION = YES;
				CLANG_WARN_DEPRECATED_OBJC_IMPLEMENTATIONS = YES;
				CLANG_WARN_DIRECT_OBJC_ISA_USAGE = YES_ERROR;
				CLANG_WARN_DOCUMENTATION_COMMENTS = YES;
				CLANG_WARN_EMPTY_BODY = YES;
				CLANG_WARN_ENUM_CONVERSION = YES;
				CLANG_WARN_INFINITE_RECURSION = YES;
				CLANG_WARN_INT_CONVERSION = YES;
				CLANG_WARN_NON_LITERAL_NULL_CONVERSION = YES;
				CLANG_WARN_OBJC_IMPLICIT_RETAIN_SELF = YES;
				CLANG_WARN_OBJC_LITERAL_CONVERSION = YES;
				CLANG_WARN_OBJC_ROOT_CLASS = YES_ERROR;
				CLANG_WARN_QUOTED_INCLUDE_IN_FRAMEWORK_HEADER = YES;
				CLANG_WARN_RANGE_LOOP_ANALYSIS = YES;
				CLANG_WARN_STRICT_PROTOTYPES = YES;
				CLANG_WARN_SUSPICIOUS_MOVE = YES;
				CLANG_WARN_UNGUARDED_AVAILABILITY = YES_AGGRESSIVE;
				CLANG_WARN_UNREACHABLE_CODE = YES;
				CLANG_WARN__DUPLICATE_METHOD_MATCH = YES;
				COPY_PHASE_STRIP = NO;
				DEBUG_INFORMATION_FORMAT = dwarf;
				ENABLE_STRICT_OBJC_MSGSEND = YES;
				ENABLE_TESTABILITY = YES;
				GCC_C_LANGUAGE_STANDARD = gnu11;
				GCC_DYNAMIC_NO_PIC = NO;
				GCC_NO_COMMON_BLOCKS = YES;
				GCC_OPTIMIZATION_LEVEL = 0;
				GCC_PREPROCESSOR_DEFINITIONS = (
					"DEBUG=1",
					"$(inherited)",
				);
				GCC_WARN_64_TO_32_BIT_CONVERSION = YES;
				GCC_WARN_ABOUT_RETURN_TYPE = YES_ERROR;
				GCC_WARN_UNDECLARED_SELECTOR = YES;
				GCC_WARN_UNINITIALIZED_AUTOS = YES_AGGRESSIVE;
				GCC_WARN_UNUSED_FUNCTION = YES;
				GCC_WARN_UNUSED_VARIABLE = YES;
				IPHONEOS_DEPLOYMENT_TARGET = 14.5;
				MTL_ENABLE_DEBUG_INFO = INCLUDE_SOURCE;
				MTL_FAST_MATH = YES;
				ONLY_ACTIVE_ARCH = YES;
				SDKROOT = iphoneos;
				SWIFT_ACTIVE_COMPILATION_CONDITIONS = DEBUG;
				SWIFT_OPTIMIZATION_LEVEL = "-Onone";
			};
			name = Debug;
		};
		9B153C11269BEB3700DF0309 /* Release */ = {
			isa = XCBuildConfiguration;
			buildSettings = {
				ALWAYS_SEARCH_USER_PATHS = NO;
				CLANG_ANALYZER_NONNULL = YES;
				CLANG_ANALYZER_NUMBER_OBJECT_CONVERSION = YES_AGGRESSIVE;
				CLANG_CXX_LANGUAGE_STANDARD = "gnu++14";
				CLANG_CXX_LIBRARY = "libc++";
				CLANG_ENABLE_MODULES = YES;
				CLANG_ENABLE_OBJC_ARC = YES;
				CLANG_ENABLE_OBJC_WEAK = YES;
				CLANG_WARN_BLOCK_CAPTURE_AUTORELEASING = YES;
				CLANG_WARN_BOOL_CONVERSION = YES;
				CLANG_WARN_COMMA = YES;
				CLANG_WARN_CONSTANT_CONVERSION = YES;
				CLANG_WARN_DEPRECATED_OBJC_IMPLEMENTATIONS = YES;
				CLANG_WARN_DIRECT_OBJC_ISA_USAGE = YES_ERROR;
				CLANG_WARN_DOCUMENTATION_COMMENTS = YES;
				CLANG_WARN_EMPTY_BODY = YES;
				CLANG_WARN_ENUM_CONVERSION = YES;
				CLANG_WARN_INFINITE_RECURSION = YES;
				CLANG_WARN_INT_CONVERSION = YES;
				CLANG_WARN_NON_LITERAL_NULL_CONVERSION = YES;
				CLANG_WARN_OBJC_IMPLICIT_RETAIN_SELF = YES;
				CLANG_WARN_OBJC_LITERAL_CONVERSION = YES;
				CLANG_WARN_OBJC_ROOT_CLASS = YES_ERROR;
				CLANG_WARN_QUOTED_INCLUDE_IN_FRAMEWORK_HEADER = YES;
				CLANG_WARN_RANGE_LOOP_ANALYSIS = YES;
				CLANG_WARN_STRICT_PROTOTYPES = YES;
				CLANG_WARN_SUSPICIOUS_MOVE = YES;
				CLANG_WARN_UNGUARDED_AVAILABILITY = YES_AGGRESSIVE;
				CLANG_WARN_UNREACHABLE_CODE = YES;
				CLANG_WARN__DUPLICATE_METHOD_MATCH = YES;
				COPY_PHASE_STRIP = NO;
				DEBUG_INFORMATION_FORMAT = "dwarf-with-dsym";
				ENABLE_NS_ASSERTIONS = NO;
				ENABLE_STRICT_OBJC_MSGSEND = YES;
				GCC_C_LANGUAGE_STANDARD = gnu11;
				GCC_NO_COMMON_BLOCKS = YES;
				GCC_WARN_64_TO_32_BIT_CONVERSION = YES;
				GCC_WARN_ABOUT_RETURN_TYPE = YES_ERROR;
				GCC_WARN_UNDECLARED_SELECTOR = YES;
				GCC_WARN_UNINITIALIZED_AUTOS = YES_AGGRESSIVE;
				GCC_WARN_UNUSED_FUNCTION = YES;
				GCC_WARN_UNUSED_VARIABLE = YES;
				IPHONEOS_DEPLOYMENT_TARGET = 14.5;
				MTL_ENABLE_DEBUG_INFO = NO;
				MTL_FAST_MATH = YES;
				SDKROOT = iphoneos;
				SWIFT_COMPILATION_MODE = wholemodule;
				SWIFT_OPTIMIZATION_LEVEL = "-O";
				VALIDATE_PRODUCT = YES;
			};
			name = Release;
		};
		9B153C13269BEB3700DF0309 /* Debug */ = {
			isa = XCBuildConfiguration;
			buildSettings = {
				ASSETCATALOG_COMPILER_APPICON_NAME = AppIcon;
				ASSETCATALOG_COMPILER_GLOBAL_ACCENT_COLOR_NAME = AccentColor;
				CODE_SIGN_STYLE = Automatic;
				DEVELOPMENT_TEAM = RZ66VGRMG4;
				INFOPLIST_FILE = "App ToDoList/Info.plist";
				LD_RUNPATH_SEARCH_PATHS = (
					"$(inherited)",
					"@executable_path/Frameworks",
				);
				PRODUCT_BUNDLE_IDENTIFIER = "com.desafio-todolist.App-ToDoList";
				PRODUCT_NAME = "$(TARGET_NAME)";
				SWIFT_VERSION = 5.0;
				TARGETED_DEVICE_FAMILY = "1,2";
			};
			name = Debug;
		};
		9B153C14269BEB3700DF0309 /* Release */ = {
			isa = XCBuildConfiguration;
			buildSettings = {
				ASSETCATALOG_COMPILER_APPICON_NAME = AppIcon;
				ASSETCATALOG_COMPILER_GLOBAL_ACCENT_COLOR_NAME = AccentColor;
				CODE_SIGN_STYLE = Automatic;
				DEVELOPMENT_TEAM = RZ66VGRMG4;
				INFOPLIST_FILE = "App ToDoList/Info.plist";
				LD_RUNPATH_SEARCH_PATHS = (
					"$(inherited)",
					"@executable_path/Frameworks",
				);
				PRODUCT_BUNDLE_IDENTIFIER = "com.desafio-todolist.App-ToDoList";
				PRODUCT_NAME = "$(TARGET_NAME)";
				SWIFT_VERSION = 5.0;
				TARGETED_DEVICE_FAMILY = "1,2";
			};
			name = Release;
		};
		9B153C16269BEB3700DF0309 /* Debug */ = {
			isa = XCBuildConfiguration;
			buildSettings = {
				ALWAYS_EMBED_SWIFT_STANDARD_LIBRARIES = YES;
				BUNDLE_LOADER = "$(TEST_HOST)";
				CODE_SIGN_STYLE = Automatic;
				DEVELOPMENT_TEAM = RZ66VGRMG4;
				INFOPLIST_FILE = "App ToDoListTests/Info.plist";
				IPHONEOS_DEPLOYMENT_TARGET = 14.5;
				LD_RUNPATH_SEARCH_PATHS = (
					"$(inherited)",
					"@executable_path/Frameworks",
					"@loader_path/Frameworks",
				);
				PRODUCT_BUNDLE_IDENTIFIER = "com.desafio-todolist.App-ToDoListTests";
				PRODUCT_NAME = "$(TARGET_NAME)";
				SWIFT_VERSION = 5.0;
				TARGETED_DEVICE_FAMILY = "1,2";
				TEST_HOST = "$(BUILT_PRODUCTS_DIR)/App ToDoList.app/App ToDoList";
			};
			name = Debug;
		};
		9B153C17269BEB3700DF0309 /* Release */ = {
			isa = XCBuildConfiguration;
			buildSettings = {
				ALWAYS_EMBED_SWIFT_STANDARD_LIBRARIES = YES;
				BUNDLE_LOADER = "$(TEST_HOST)";
				CODE_SIGN_STYLE = Automatic;
				DEVELOPMENT_TEAM = RZ66VGRMG4;
				INFOPLIST_FILE = "App ToDoListTests/Info.plist";
				IPHONEOS_DEPLOYMENT_TARGET = 14.5;
				LD_RUNPATH_SEARCH_PATHS = (
					"$(inherited)",
					"@executable_path/Frameworks",
					"@loader_path/Frameworks",
				);
				PRODUCT_BUNDLE_IDENTIFIER = "com.desafio-todolist.App-ToDoListTests";
				PRODUCT_NAME = "$(TARGET_NAME)";
				SWIFT_VERSION = 5.0;
				TARGETED_DEVICE_FAMILY = "1,2";
				TEST_HOST = "$(BUILT_PRODUCTS_DIR)/App ToDoList.app/App ToDoList";
			};
			name = Release;
		};
		9B153C19269BEB3700DF0309 /* Debug */ = {
			isa = XCBuildConfiguration;
			buildSettings = {
				ALWAYS_EMBED_SWIFT_STANDARD_LIBRARIES = YES;
				CODE_SIGN_STYLE = Automatic;
				DEVELOPMENT_TEAM = RZ66VGRMG4;
				INFOPLIST_FILE = "App ToDoListUITests/Info.plist";
				LD_RUNPATH_SEARCH_PATHS = (
					"$(inherited)",
					"@executable_path/Frameworks",
					"@loader_path/Frameworks",
				);
				PRODUCT_BUNDLE_IDENTIFIER = "com.desafio-todolist.App-ToDoListUITests";
				PRODUCT_NAME = "$(TARGET_NAME)";
				SWIFT_VERSION = 5.0;
				TARGETED_DEVICE_FAMILY = "1,2";
				TEST_TARGET_NAME = "App ToDoList";
			};
			name = Debug;
		};
		9B153C1A269BEB3700DF0309 /* Release */ = {
			isa = XCBuildConfiguration;
			buildSettings = {
				ALWAYS_EMBED_SWIFT_STANDARD_LIBRARIES = YES;
				CODE_SIGN_STYLE = Automatic;
				DEVELOPMENT_TEAM = RZ66VGRMG4;
				INFOPLIST_FILE = "App ToDoListUITests/Info.plist";
				LD_RUNPATH_SEARCH_PATHS = (
					"$(inherited)",
					"@executable_path/Frameworks",
					"@loader_path/Frameworks",
				);
				PRODUCT_BUNDLE_IDENTIFIER = "com.desafio-todolist.App-ToDoListUITests";
				PRODUCT_NAME = "$(TARGET_NAME)";
				SWIFT_VERSION = 5.0;
				TARGETED_DEVICE_FAMILY = "1,2";
				TEST_TARGET_NAME = "App ToDoList";
			};
			name = Release;
		};
/* End XCBuildConfiguration section */

/* Begin XCConfigurationList section */
		9B153BE3269BEB3400DF0309 /* Build configuration list for PBXProject "App ToDoList" */ = {
			isa = XCConfigurationList;
			buildConfigurations = (
				9B153C10269BEB3700DF0309 /* Debug */,
				9B153C11269BEB3700DF0309 /* Release */,
			);
			defaultConfigurationIsVisible = 0;
			defaultConfigurationName = Release;
		};
		9B153C12269BEB3700DF0309 /* Build configuration list for PBXNativeTarget "App ToDoList" */ = {
			isa = XCConfigurationList;
			buildConfigurations = (
				9B153C13269BEB3700DF0309 /* Debug */,
				9B153C14269BEB3700DF0309 /* Release */,
			);
			defaultConfigurationIsVisible = 0;
			defaultConfigurationName = Release;
		};
		9B153C15269BEB3700DF0309 /* Build configuration list for PBXNativeTarget "App ToDoListTests" */ = {
			isa = XCConfigurationList;
			buildConfigurations = (
				9B153C16269BEB3700DF0309 /* Debug */,
				9B153C17269BEB3700DF0309 /* Release */,
			);
			defaultConfigurationIsVisible = 0;
			defaultConfigurationName = Release;
		};
		9B153C18269BEB3700DF0309 /* Build configuration list for PBXNativeTarget "App ToDoListUITests" */ = {
			isa = XCConfigurationList;
			buildConfigurations = (
				9B153C19269BEB3700DF0309 /* Debug */,
				9B153C1A269BEB3700DF0309 /* Release */,
			);
			defaultConfigurationIsVisible = 0;
			defaultConfigurationName = Release;
		};
/* End XCConfigurationList section */
	};
	rootObject = 9B153BE0269BEB3400DF0309 /* Project object */;
}
